// !$*UTF8*$!
{
	archiveVersion = 1;
	classes = {
	};
	objectVersion = 56;
	objects = {

/* Begin PBXBuildFile section */
		220606C72E740FF100AD3B22 /* MovieDetails.swift in Sources */ = {isa = PBXBuildFile; fileRef = 220606C62E740FF100AD3B22 /* MovieDetails.swift */; };
		220606D92E76483400AD3B22 /* Favourites.swift in Sources */ = {isa = PBXBuildFile; fileRef = 220606D82E76483400AD3B22 /* Favourites.swift */; };
		221038F12E9FD701009A5AD5 /* MovieCategory.swift in Sources */ = {isa = PBXBuildFile; fileRef = 221038F02E9FD701009A5AD5 /* MovieCategory.swift */; };
		222F931B2E7EA6760005ED2C /* MoviesViewCell.swift in Sources */ = {isa = PBXBuildFile; fileRef = 222F931A2E7EA6760005ED2C /* MoviesViewCell.swift */; };
		222F931E2E7F8E0D0005ED2C /* Kingfisher in Frameworks */ = {isa = PBXBuildFile; productRef = 222F931D2E7F8E0D0005ED2C /* Kingfisher */; };
		225758E12E8C56200082C0B2 /* HexUIColor.swift in Sources */ = {isa = PBXBuildFile; fileRef = 225758E02E8C56200082C0B2 /* HexUIColor.swift */; };
		225903C02E6CB2D900D602B2 /* AppDelegate.swift in Sources */ = {isa = PBXBuildFile; fileRef = 225903BF2E6CB2D900D602B2 /* AppDelegate.swift */; };
		225903C22E6CB2D900D602B2 /* SceneDelegate.swift in Sources */ = {isa = PBXBuildFile; fileRef = 225903C12E6CB2D900D602B2 /* SceneDelegate.swift */; };
		225903C42E6CB2D900D602B2 /* MovieList.swift in Sources */ = {isa = PBXBuildFile; fileRef = 225903C32E6CB2D900D602B2 /* MovieList.swift */; };
		225903C72E6CB2D900D602B2 /* Main.storyboard in Resources */ = {isa = PBXBuildFile; fileRef = 225903C52E6CB2D900D602B2 /* Main.storyboard */; };
		225903CA2E6CB2D900D602B2 /* Movie_Listing_App.xcdatamodeld in Sources */ = {isa = PBXBuildFile; fileRef = 225903C82E6CB2D900D602B2 /* Movie_Listing_App.xcdatamodeld */; };
		225903CF2E6CB2DC00D602B2 /* LaunchScreen.storyboard in Resources */ = {isa = PBXBuildFile; fileRef = 225903CD2E6CB2DC00D602B2 /* LaunchScreen.storyboard */; };
		225903DA2E6CB2DC00D602B2 /* Movie_Listing_AppTests.swift in Sources */ = {isa = PBXBuildFile; fileRef = 225903D92E6CB2DC00D602B2 /* Movie_Listing_AppTests.swift */; };
		225903E42E6CB2DC00D602B2 /* Movie_Listing_AppUITests.swift in Sources */ = {isa = PBXBuildFile; fileRef = 225903E32E6CB2DC00D602B2 /* Movie_Listing_AppUITests.swift */; };
		225903E62E6CB2DC00D602B2 /* Movie_Listing_AppUITestsLaunchTests.swift in Sources */ = {isa = PBXBuildFile; fileRef = 225903E52E6CB2DC00D602B2 /* Movie_Listing_AppUITestsLaunchTests.swift */; };
		225DD4482E8D649F0064A885 /* Assets.xcassets in Resources */ = {isa = PBXBuildFile; fileRef = 225DD4472E8D649F0064A885 /* Assets.xcassets */; };
		228C9D342EA0608700847502 /* LocalDataSource.swift in Sources */ = {isa = PBXBuildFile; fileRef = 228C9D332EA0608700847502 /* LocalDataSource.swift */; };
		228C9D362EA060A000847502 /* LocalDataSourceImpl.swift in Sources */ = {isa = PBXBuildFile; fileRef = 228C9D352EA060A000847502 /* LocalDataSourceImpl.swift */; };
		228C9D382EA06BB600847502 /* FavouritesViewModel.swift in Sources */ = {isa = PBXBuildFile; fileRef = 228C9D372EA06BB600847502 /* FavouritesViewModel.swift */; };
		2294F82A2E794CC300B0AA3A /* RemoteDataSource.swift in Sources */ = {isa = PBXBuildFile; fileRef = 2294F8292E794CC300B0AA3A /* RemoteDataSource.swift */; };
		2294F82C2E794CCE00B0AA3A /* RemoteDataSourceImpl.swift in Sources */ = {isa = PBXBuildFile; fileRef = 2294F82B2E794CCE00B0AA3A /* RemoteDataSourceImpl.swift */; };
		2294F82E2E79692200B0AA3A /* MoviesViewModel.swift in Sources */ = {isa = PBXBuildFile; fileRef = 2294F82D2E79692200B0AA3A /* MoviesViewModel.swift */; };
		22AB8C3F2E78372A0060511C /* KeychainSwift in Frameworks */ = {isa = PBXBuildFile; productRef = 22AB8C3E2E78372A0060511C /* KeychainSwift */; };
		22AB8C412E7837E40060511C /* ApiKeyManager.swift in Sources */ = {isa = PBXBuildFile; fileRef = 22AB8C402E7837E40060511C /* ApiKeyManager.swift */; };
		22AB8C432E785C8A0060511C /* Movie.swift in Sources */ = {isa = PBXBuildFile; fileRef = 22AB8C422E785C8A0060511C /* Movie.swift */; };
		22AB8C462E785E800060511C /* MovieApiService.swift in Sources */ = {isa = PBXBuildFile; fileRef = 22AB8C452E785E800060511C /* MovieApiService.swift */; };
		22AB8C482E7901CD0060511C /* Repository.swift in Sources */ = {isa = PBXBuildFile; fileRef = 22AB8C472E7901CD0060511C /* Repository.swift */; };
		22AB8C4B2E7902550060511C /* RepositoryImpl.swift in Sources */ = {isa = PBXBuildFile; fileRef = 22AB8C4A2E7902550060511C /* RepositoryImpl.swift */; };
		22AB8C4E2E7902AE0060511C /* UseCaseMovieListImpl.swift in Sources */ = {isa = PBXBuildFile; fileRef = 22AB8C4D2E7902AE0060511C /* UseCaseMovieListImpl.swift */; };
		22AB8C502E79041B0060511C /* UseCaseMovieList.swift in Sources */ = {isa = PBXBuildFile; fileRef = 22AB8C4F2E79041B0060511C /* UseCaseMovieList.swift */; };
		22C51DA72E9581E60021A802 /* DataBaseManager.swift in Sources */ = {isa = PBXBuildFile; fileRef = 22C51DA62E9581E60021A802 /* DataBaseManager.swift */; };
		22D14CB82E81431B000F3032 /* MoviesCollectionViewCell.swift in Sources */ = {isa = PBXBuildFile; fileRef = 22D14CB72E81431B000F3032 /* MoviesCollectionViewCell.swift */; };
		22D1DB2E2E90238E00F281FB /* MovieDetailsViewModel.swift in Sources */ = {isa = PBXBuildFile; fileRef = 22D1DB2D2E90238E00F281FB /* MovieDetailsViewModel.swift */; };
		22D1DB302E912DB700F281FB /* DateFormater.swift in Sources */ = {isa = PBXBuildFile; fileRef = 22D1DB2F2E912DB700F281FB /* DateFormater.swift */; };
/* End PBXBuildFile section */

/* Begin PBXContainerItemProxy section */
		225903D62E6CB2DC00D602B2 /* PBXContainerItemProxy */ = {
			isa = PBXContainerItemProxy;
			containerPortal = 225903B42E6CB2D900D602B2 /* Project object */;
			proxyType = 1;
			remoteGlobalIDString = 225903BB2E6CB2D900D602B2;
			remoteInfo = "Movie-Listing-App";
		};
		225903E02E6CB2DC00D602B2 /* PBXContainerItemProxy */ = {
			isa = PBXContainerItemProxy;
			containerPortal = 225903B42E6CB2D900D602B2 /* Project object */;
			proxyType = 1;
			remoteGlobalIDString = 225903BB2E6CB2D900D602B2;
			remoteInfo = "Movie-Listing-App";
		};
/* End PBXContainerItemProxy section */

/* Begin PBXFileReference section */
		220606C62E740FF100AD3B22 /* MovieDetails.swift */ = {isa = PBXFileReference; lastKnownFileType = sourcecode.swift; path = MovieDetails.swift; sourceTree = "<group>"; };
		220606D82E76483400AD3B22 /* Favourites.swift */ = {isa = PBXFileReference; lastKnownFileType = sourcecode.swift; path = Favourites.swift; sourceTree = "<group>"; };
		221038F02E9FD701009A5AD5 /* MovieCategory.swift */ = {isa = PBXFileReference; lastKnownFileType = sourcecode.swift; path = MovieCategory.swift; sourceTree = "<group>"; };
		222F931A2E7EA6760005ED2C /* MoviesViewCell.swift */ = {isa = PBXFileReference; lastKnownFileType = sourcecode.swift; path = MoviesViewCell.swift; sourceTree = "<group>"; };
		225758E02E8C56200082C0B2 /* HexUIColor.swift */ = {isa = PBXFileReference; lastKnownFileType = sourcecode.swift; path = HexUIColor.swift; sourceTree = "<group>"; };
		225903BC2E6CB2D900D602B2 /* Movie-Listing-App.app */ = {isa = PBXFileReference; explicitFileType = wrapper.application; includeInIndex = 0; path = "Movie-Listing-App.app"; sourceTree = BUILT_PRODUCTS_DIR; };
		225903BF2E6CB2D900D602B2 /* AppDelegate.swift */ = {isa = PBXFileReference; lastKnownFileType = sourcecode.swift; path = AppDelegate.swift; sourceTree = "<group>"; };
		225903C12E6CB2D900D602B2 /* SceneDelegate.swift */ = {isa = PBXFileReference; lastKnownFileType = sourcecode.swift; path = SceneDelegate.swift; sourceTree = "<group>"; };
		225903C32E6CB2D900D602B2 /* MovieList.swift */ = {isa = PBXFileReference; lastKnownFileType = sourcecode.swift; path = MovieList.swift; sourceTree = "<group>"; };
		225903C62E6CB2D900D602B2 /* Base */ = {isa = PBXFileReference; lastKnownFileType = file.storyboard; name = Base; path = Base.lproj/Main.storyboard; sourceTree = "<group>"; };
		225903C92E6CB2D900D602B2 /* Movie_Listing_App.xcdatamodel */ = {isa = PBXFileReference; explicitFileType = wrapper.xcdatamodel; path = Movie_Listing_App.xcdatamodel; sourceTree = "<group>"; };
		225903CE2E6CB2DC00D602B2 /* Base */ = {isa = PBXFileReference; lastKnownFileType = file.storyboard; name = Base; path = Base.lproj/LaunchScreen.storyboard; sourceTree = "<group>"; };
		225903D02E6CB2DC00D602B2 /* Info.plist */ = {isa = PBXFileReference; lastKnownFileType = text.plist.xml; path = Info.plist; sourceTree = "<group>"; };
		225903D52E6CB2DC00D602B2 /* Movie-Listing-AppTests.xctest */ = {isa = PBXFileReference; explicitFileType = wrapper.cfbundle; includeInIndex = 0; path = "Movie-Listing-AppTests.xctest"; sourceTree = BUILT_PRODUCTS_DIR; };
		225903D92E6CB2DC00D602B2 /* Movie_Listing_AppTests.swift */ = {isa = PBXFileReference; lastKnownFileType = sourcecode.swift; path = Movie_Listing_AppTests.swift; sourceTree = "<group>"; };
		225903DF2E6CB2DC00D602B2 /* Movie-Listing-AppUITests.xctest */ = {isa = PBXFileReference; explicitFileType = wrapper.cfbundle; includeInIndex = 0; path = "Movie-Listing-AppUITests.xctest"; sourceTree = BUILT_PRODUCTS_DIR; };
		225903E32E6CB2DC00D602B2 /* Movie_Listing_AppUITests.swift */ = {isa = PBXFileReference; lastKnownFileType = sourcecode.swift; path = Movie_Listing_AppUITests.swift; sourceTree = "<group>"; };
		225903E52E6CB2DC00D602B2 /* Movie_Listing_AppUITestsLaunchTests.swift */ = {isa = PBXFileReference; lastKnownFileType = sourcecode.swift; path = Movie_Listing_AppUITestsLaunchTests.swift; sourceTree = "<group>"; };
		225DD4472E8D649F0064A885 /* Assets.xcassets */ = {isa = PBXFileReference; lastKnownFileType = folder.assetcatalog; path = Assets.xcassets; sourceTree = "<group>"; };
		228C9D332EA0608700847502 /* LocalDataSource.swift */ = {isa = PBXFileReference; lastKnownFileType = sourcecode.swift; path = LocalDataSource.swift; sourceTree = "<group>"; };
		228C9D352EA060A000847502 /* LocalDataSourceImpl.swift */ = {isa = PBXFileReference; lastKnownFileType = sourcecode.swift; path = LocalDataSourceImpl.swift; sourceTree = "<group>"; };
		228C9D372EA06BB600847502 /* FavouritesViewModel.swift */ = {isa = PBXFileReference; lastKnownFileType = sourcecode.swift; path = FavouritesViewModel.swift; sourceTree = "<group>"; };
		2294F8292E794CC300B0AA3A /* RemoteDataSource.swift */ = {isa = PBXFileReference; lastKnownFileType = sourcecode.swift; path = RemoteDataSource.swift; sourceTree = "<group>"; };
		2294F82B2E794CCE00B0AA3A /* RemoteDataSourceImpl.swift */ = {isa = PBXFileReference; lastKnownFileType = sourcecode.swift; path = RemoteDataSourceImpl.swift; sourceTree = "<group>"; };
		2294F82D2E79692200B0AA3A /* MoviesViewModel.swift */ = {isa = PBXFileReference; lastKnownFileType = sourcecode.swift; path = MoviesViewModel.swift; sourceTree = "<group>"; };
		22AB8C402E7837E40060511C /* ApiKeyManager.swift */ = {isa = PBXFileReference; lastKnownFileType = sourcecode.swift; path = ApiKeyManager.swift; sourceTree = "<group>"; };
		22AB8C422E785C8A0060511C /* Movie.swift */ = {isa = PBXFileReference; lastKnownFileType = sourcecode.swift; path = Movie.swift; sourceTree = "<group>"; };
		22AB8C452E785E800060511C /* MovieApiService.swift */ = {isa = PBXFileReference; lastKnownFileType = sourcecode.swift; path = MovieApiService.swift; sourceTree = "<group>"; };
		22AB8C472E7901CD0060511C /* Repository.swift */ = {isa = PBXFileReference; lastKnownFileType = sourcecode.swift; path = Repository.swift; sourceTree = "<group>"; };
		22AB8C4A2E7902550060511C /* RepositoryImpl.swift */ = {isa = PBXFileReference; lastKnownFileType = sourcecode.swift; path = RepositoryImpl.swift; sourceTree = "<group>"; };
		22AB8C4D2E7902AE0060511C /* UseCaseMovieListImpl.swift */ = {isa = PBXFileReference; lastKnownFileType = sourcecode.swift; path = UseCaseMovieListImpl.swift; sourceTree = "<group>"; };
		22AB8C4F2E79041B0060511C /* UseCaseMovieList.swift */ = {isa = PBXFileReference; lastKnownFileType = sourcecode.swift; path = UseCaseMovieList.swift; sourceTree = "<group>"; };
		22C51DA62E9581E60021A802 /* DataBaseManager.swift */ = {isa = PBXFileReference; lastKnownFileType = sourcecode.swift; path = DataBaseManager.swift; sourceTree = "<group>"; };
		22D14CB72E81431B000F3032 /* MoviesCollectionViewCell.swift */ = {isa = PBXFileReference; lastKnownFileType = sourcecode.swift; path = MoviesCollectionViewCell.swift; sourceTree = "<group>"; };
		22D1DB2D2E90238E00F281FB /* MovieDetailsViewModel.swift */ = {isa = PBXFileReference; lastKnownFileType = sourcecode.swift; path = MovieDetailsViewModel.swift; sourceTree = "<group>"; };
		22D1DB2F2E912DB700F281FB /* DateFormater.swift */ = {isa = PBXFileReference; lastKnownFileType = sourcecode.swift; path = DateFormater.swift; sourceTree = "<group>"; };
/* End PBXFileReference section */

/* Begin PBXFrameworksBuildPhase section */
		225903B92E6CB2D900D602B2 /* Frameworks */ = {
			isa = PBXFrameworksBuildPhase;
			buildActionMask = 2147483647;
			files = (
				222F931E2E7F8E0D0005ED2C /* Kingfisher in Frameworks */,
				22AB8C3F2E78372A0060511C /* KeychainSwift in Frameworks */,
			);
			runOnlyForDeploymentPostprocessing = 0;
		};
		225903D22E6CB2DC00D602B2 /* Frameworks */ = {
			isa = PBXFrameworksBuildPhase;
			buildActionMask = 2147483647;
			files = (
			);
			runOnlyForDeploymentPostprocessing = 0;
		};
		225903DC2E6CB2DC00D602B2 /* Frameworks */ = {
			isa = PBXFrameworksBuildPhase;
			buildActionMask = 2147483647;
			files = (
			);
			runOnlyForDeploymentPostprocessing = 0;
		};
/* End PBXFrameworksBuildPhase section */

/* Begin PBXGroup section */
		220606C82E74100400AD3B22 /* Movie-Details */ = {
			isa = PBXGroup;
			children = (
				220606CB2E7411CC00AD3B22 /* View */,
				220606CA2E7411C200AD3B22 /* ViewModel */,
			);
			path = "Movie-Details";
			sourceTree = "<group>";
		};
		220606CA2E7411C200AD3B22 /* ViewModel */ = {
			isa = PBXGroup;
			children = (
				22D1DB2D2E90238E00F281FB /* MovieDetailsViewModel.swift */,
			);
			path = ViewModel;
			sourceTree = "<group>";
		};
		220606CB2E7411CC00AD3B22 /* View */ = {
			isa = PBXGroup;
			children = (
				220606C62E740FF100AD3B22 /* MovieDetails.swift */,
			);
			path = View;
			sourceTree = "<group>";
		};
		220606D02E7413E100AD3B22 /* Movie-List */ = {
			isa = PBXGroup;
			children = (
				220606D12E7413E100AD3B22 /* ViewModel */,
				220606D32E7413E100AD3B22 /* View */,
			);
			path = "Movie-List";
			sourceTree = "<group>";
		};
		220606D12E7413E100AD3B22 /* ViewModel */ = {
			isa = PBXGroup;
			children = (
				2294F82D2E79692200B0AA3A /* MoviesViewModel.swift */,
			);
			path = ViewModel;
			sourceTree = "<group>";
		};
		220606D22E7413E100AD3B22 /* Model */ = {
			isa = PBXGroup;
			children = (
				22AB8C422E785C8A0060511C /* Movie.swift */,
			);
			path = Model;
			sourceTree = "<group>";
		};
		220606D32E7413E100AD3B22 /* View */ = {
			isa = PBXGroup;
			children = (
				225903C32E6CB2D900D602B2 /* MovieList.swift */,
				222F931A2E7EA6760005ED2C /* MoviesViewCell.swift */,
				22D14CB72E81431B000F3032 /* MoviesCollectionViewCell.swift */,
			);
			path = View;
			sourceTree = "<group>";
		};
		220606D42E7413E100AD3B22 /* Movie-Favourites */ = {
			isa = PBXGroup;
			children = (
				220606D52E7413E100AD3B22 /* ViewModel */,
				220606D72E7413E100AD3B22 /* View */,
			);
			path = "Movie-Favourites";
			sourceTree = "<group>";
		};
		220606D52E7413E100AD3B22 /* ViewModel */ = {
			isa = PBXGroup;
			children = (
				228C9D372EA06BB600847502 /* FavouritesViewModel.swift */,
			);
			path = ViewModel;
			sourceTree = "<group>";
		};
		220606D72E7413E100AD3B22 /* View */ = {
			isa = PBXGroup;
			children = (
				220606D82E76483400AD3B22 /* Favourites.swift */,
			);
			path = View;
			sourceTree = "<group>";
		};
		2227EC192EAC931B005E4BD3 /* PresentationLayer */ = {
			isa = PBXGroup;
			children = (
				220606D42E7413E100AD3B22 /* Movie-Favourites */,
				220606D02E7413E100AD3B22 /* Movie-List */,
				220606C82E74100400AD3B22 /* Movie-Details */,
			);
			path = PresentationLayer;
			sourceTree = "<group>";
		};
		2227EC1A2EAC935A005E4BD3 /* DominLayer */ = {
			isa = PBXGroup;
			children = (
				220606D22E7413E100AD3B22 /* Model */,
				22AB8C4C2E7902950060511C /* UseCases */,
			);
			path = DominLayer;
			sourceTree = "<group>";
		};
		2227EC1B2EAC939F005E4BD3 /* Units */ = {
			isa = PBXGroup;
			children = (
				2227EC1C2EAC93F6005E4BD3 /* Config */,
				225758E02E8C56200082C0B2 /* HexUIColor.swift */,
				22D1DB2F2E912DB700F281FB /* DateFormater.swift */,
			);
			path = Units;
			sourceTree = "<group>";
		};
		2227EC1C2EAC93F6005E4BD3 /* Config */ = {
			isa = PBXGroup;
			children = (
				22AB8C402E7837E40060511C /* ApiKeyManager.swift */,
			);
			path = Config;
			sourceTree = "<group>";
		};
		2227EC1D2EAC9475005E4BD3 /* Resources */ = {
			isa = PBXGroup;
			children = (
				225DD4472E8D649F0064A885 /* Assets.xcassets */,
			);
			path = Resources;
			sourceTree = "<group>";
		};
		2227EC1E2EAC9485005E4BD3 /* App */ = {
			isa = PBXGroup;
			children = (
				225903BF2E6CB2D900D602B2 /* AppDelegate.swift */,
				225903C12E6CB2D900D602B2 /* SceneDelegate.swift */,
				225903C52E6CB2D900D602B2 /* Main.storyboard */,
				225903CD2E6CB2DC00D602B2 /* LaunchScreen.storyboard */,
			);
			path = App;
			sourceTree = "<group>";
		};
		2227EC1F2EAC94E0005E4BD3 /* DataLayer */ = {
			isa = PBXGroup;
			children = (
				228C9D322EA0605300847502 /* LocalDataSource */,
				22C51DA52E9581C30021A802 /* Database */,
				2294F8282E794C9800B0AA3A /* RemoteDataSource */,
				22AB8C492E7901DB0060511C /* Repository */,
				22AB8C442E785E660060511C /* Network */,
				225903C82E6CB2D900D602B2 /* Movie_Listing_App.xcdatamodeld */,
			);
			path = DataLayer;
			sourceTree = "<group>";
		};
		225903B32E6CB2D900D602B2 = {
			isa = PBXGroup;
			children = (
				225903BE2E6CB2D900D602B2 /* Movie-Listing-App */,
				225903D82E6CB2DC00D602B2 /* Movie-Listing-AppTests */,
				225903E22E6CB2DC00D602B2 /* Movie-Listing-AppUITests */,
				225903BD2E6CB2D900D602B2 /* Products */,
			);
			sourceTree = "<group>";
		};
		225903BD2E6CB2D900D602B2 /* Products */ = {
			isa = PBXGroup;
			children = (
				225903BC2E6CB2D900D602B2 /* Movie-Listing-App.app */,
				225903D52E6CB2DC00D602B2 /* Movie-Listing-AppTests.xctest */,
				225903DF2E6CB2DC00D602B2 /* Movie-Listing-AppUITests.xctest */,
			);
			name = Products;
			sourceTree = "<group>";
		};
		225903BE2E6CB2D900D602B2 /* Movie-Listing-App */ = {
			isa = PBXGroup;
			children = (
				225903D02E6CB2DC00D602B2 /* Info.plist */,
				2227EC1F2EAC94E0005E4BD3 /* DataLayer */,
				2227EC1E2EAC9485005E4BD3 /* App */,
				2227EC1D2EAC9475005E4BD3 /* Resources */,
				2227EC1B2EAC939F005E4BD3 /* Units */,
				2227EC1A2EAC935A005E4BD3 /* DominLayer */,
				2227EC192EAC931B005E4BD3 /* PresentationLayer */,
			);
			path = "Movie-Listing-App";
			sourceTree = "<group>";
		};
		225903D82E6CB2DC00D602B2 /* Movie-Listing-AppTests */ = {
			isa = PBXGroup;
			children = (
				225903D92E6CB2DC00D602B2 /* Movie_Listing_AppTests.swift */,
			);
			path = "Movie-Listing-AppTests";
			sourceTree = "<group>";
		};
		225903E22E6CB2DC00D602B2 /* Movie-Listing-AppUITests */ = {
			isa = PBXGroup;
			children = (
				225903E32E6CB2DC00D602B2 /* Movie_Listing_AppUITests.swift */,
				225903E52E6CB2DC00D602B2 /* Movie_Listing_AppUITestsLaunchTests.swift */,
			);
			path = "Movie-Listing-AppUITests";
			sourceTree = "<group>";
		};
		228C9D322EA0605300847502 /* LocalDataSource */ = {
			isa = PBXGroup;
			children = (
				228C9D332EA0608700847502 /* LocalDataSource.swift */,
				228C9D352EA060A000847502 /* LocalDataSourceImpl.swift */,
			);
			path = LocalDataSource;
			sourceTree = "<group>";
		};
		2294F8282E794C9800B0AA3A /* RemoteDataSource */ = {
			isa = PBXGroup;
			children = (
				2294F8292E794CC300B0AA3A /* RemoteDataSource.swift */,
				2294F82B2E794CCE00B0AA3A /* RemoteDataSourceImpl.swift */,
			);
			path = RemoteDataSource;
			sourceTree = "<group>";
		};
		22AB8C442E785E660060511C /* Network */ = {
			isa = PBXGroup;
			children = (
				22AB8C452E785E800060511C /* MovieApiService.swift */,
				221038F02E9FD701009A5AD5 /* MovieCategory.swift */,
			);
			path = Network;
			sourceTree = "<group>";
		};
		22AB8C492E7901DB0060511C /* Repository */ = {
			isa = PBXGroup;
			children = (
				22AB8C472E7901CD0060511C /* Repository.swift */,
				22AB8C4A2E7902550060511C /* RepositoryImpl.swift */,
			);
			path = Repository;
			sourceTree = "<group>";
		};
		22AB8C4C2E7902950060511C /* UseCases */ = {
			isa = PBXGroup;
			children = (
				22AB8C4D2E7902AE0060511C /* UseCaseMovieListImpl.swift */,
				22AB8C4F2E79041B0060511C /* UseCaseMovieList.swift */,
			);
			path = UseCases;
			sourceTree = "<group>";
		};
		22C51DA52E9581C30021A802 /* Database */ = {
			isa = PBXGroup;
			children = (
				22C51DA62E9581E60021A802 /* DataBaseManager.swift */,
			);
			path = Database;
			sourceTree = "<group>";
		};
/* End PBXGroup section */

/* Begin PBXNativeTarget section */
		225903BB2E6CB2D900D602B2 /* Movie-Listing-App */ = {
			isa = PBXNativeTarget;
			buildConfigurationList = 225903E92E6CB2DC00D602B2 /* Build configuration list for PBXNativeTarget "Movie-Listing-App" */;
			buildPhases = (
				225903B82E6CB2D900D602B2 /* Sources */,
				225903B92E6CB2D900D602B2 /* Frameworks */,
				225903BA2E6CB2D900D602B2 /* Resources */,
			);
			buildRules = (
			);
			dependencies = (
			);
			name = "Movie-Listing-App";
			packageProductDependencies = (
				22AB8C3E2E78372A0060511C /* KeychainSwift */,
				222F931D2E7F8E0D0005ED2C /* Kingfisher */,
			);
			productName = "Movie-Listing-App";
			productReference = 225903BC2E6CB2D900D602B2 /* Movie-Listing-App.app */;
			productType = "com.apple.product-type.application";
		};
		225903D42E6CB2DC00D602B2 /* Movie-Listing-AppTests */ = {
			isa = PBXNativeTarget;
			buildConfigurationList = 225903EC2E6CB2DC00D602B2 /* Build configuration list for PBXNativeTarget "Movie-Listing-AppTests" */;
			buildPhases = (
				225903D12E6CB2DC00D602B2 /* Sources */,
				225903D22E6CB2DC00D602B2 /* Frameworks */,
				225903D32E6CB2DC00D602B2 /* Resources */,
			);
			buildRules = (
			);
			dependencies = (
				225903D72E6CB2DC00D602B2 /* PBXTargetDependency */,
			);
			name = "Movie-Listing-AppTests";
			productName = "Movie-Listing-AppTests";
			productReference = 225903D52E6CB2DC00D602B2 /* Movie-Listing-AppTests.xctest */;
			productType = "com.apple.product-type.bundle.unit-test";
		};
		225903DE2E6CB2DC00D602B2 /* Movie-Listing-AppUITests */ = {
			isa = PBXNativeTarget;
			buildConfigurationList = 225903EF2E6CB2DC00D602B2 /* Build configuration list for PBXNativeTarget "Movie-Listing-AppUITests" */;
			buildPhases = (
				225903DB2E6CB2DC00D602B2 /* Sources */,
				225903DC2E6CB2DC00D602B2 /* Frameworks */,
				225903DD2E6CB2DC00D602B2 /* Resources */,
			);
			buildRules = (
			);
			dependencies = (
				225903E12E6CB2DC00D602B2 /* PBXTargetDependency */,
			);
			name = "Movie-Listing-AppUITests";
			productName = "Movie-Listing-AppUITests";
			productReference = 225903DF2E6CB2DC00D602B2 /* Movie-Listing-AppUITests.xctest */;
			productType = "com.apple.product-type.bundle.ui-testing";
		};
/* End PBXNativeTarget section */

/* Begin PBXProject section */
		225903B42E6CB2D900D602B2 /* Project object */ = {
			isa = PBXProject;
			attributes = {
				BuildIndependentTargetsInParallel = 1;
				LastSwiftUpdateCheck = 1520;
				LastUpgradeCheck = 1520;
				TargetAttributes = {
					225903BB2E6CB2D900D602B2 = {
						CreatedOnToolsVersion = 15.2;
					};
					225903D42E6CB2DC00D602B2 = {
						CreatedOnToolsVersion = 15.2;
						TestTargetID = 225903BB2E6CB2D900D602B2;
					};
					225903DE2E6CB2DC00D602B2 = {
						CreatedOnToolsVersion = 15.2;
						TestTargetID = 225903BB2E6CB2D900D602B2;
					};
				};
			};
			buildConfigurationList = 225903B72E6CB2D900D602B2 /* Build configuration list for PBXProject "Movie-Listing-App" */;
			compatibilityVersion = "Xcode 14.0";
			developmentRegion = en;
			hasScannedForEncodings = 0;
			knownRegions = (
				en,
				Base,
			);
			mainGroup = 225903B32E6CB2D900D602B2;
			packageReferences = (
				22AB8C3D2E7837290060511C /* XCRemoteSwiftPackageReference "keychain-swift" */,
				222F931C2E7F8E0D0005ED2C /* XCRemoteSwiftPackageReference "Kingfisher" */,
			);
			productRefGroup = 225903BD2E6CB2D900D602B2 /* Products */;
			projectDirPath = "";
			projectRoot = "";
			targets = (
				225903BB2E6CB2D900D602B2 /* Movie-Listing-App */,
				225903D42E6CB2DC00D602B2 /* Movie-Listing-AppTests */,
				225903DE2E6CB2DC00D602B2 /* Movie-Listing-AppUITests */,
			);
		};
/* End PBXProject section */

/* Begin PBXResourcesBuildPhase section */
		225903BA2E6CB2D900D602B2 /* Resources */ = {
			isa = PBXResourcesBuildPhase;
			buildActionMask = 2147483647;
			files = (
				225903CF2E6CB2DC00D602B2 /* LaunchScreen.storyboard in Resources */,
				225DD4482E8D649F0064A885 /* Assets.xcassets in Resources */,
				225903C72E6CB2D900D602B2 /* Main.storyboard in Resources */,
			);
			runOnlyForDeploymentPostprocessing = 0;
		};
		225903D32E6CB2DC00D602B2 /* Resources */ = {
			isa = PBXResourcesBuildPhase;
			buildActionMask = 2147483647;
			files = (
			);
			runOnlyForDeploymentPostprocessing = 0;
		};
		225903DD2E6CB2DC00D602B2 /* Resources */ = {
			isa = PBXResourcesBuildPhase;
			buildActionMask = 2147483647;
			files = (
			);
			runOnlyForDeploymentPostprocessing = 0;
		};
/* End PBXResourcesBuildPhase section */

/* Begin PBXSourcesBuildPhase section */
		225903B82E6CB2D900D602B2 /* Sources */ = {
			isa = PBXSourcesBuildPhase;
			buildActionMask = 2147483647;
			files = (
				225903C42E6CB2D900D602B2 /* MovieList.swift in Sources */,
				22AB8C4E2E7902AE0060511C /* UseCaseMovieListImpl.swift in Sources */,
				228C9D362EA060A000847502 /* LocalDataSourceImpl.swift in Sources */,
				220606D92E76483400AD3B22 /* Favourites.swift in Sources */,
				225903C02E6CB2D900D602B2 /* AppDelegate.swift in Sources */,
				220606C72E740FF100AD3B22 /* MovieDetails.swift in Sources */,
				2294F82C2E794CCE00B0AA3A /* RemoteDataSourceImpl.swift in Sources */,
				22AB8C412E7837E40060511C /* ApiKeyManager.swift in Sources */,
				22D1DB302E912DB700F281FB /* DateFormater.swift in Sources */,
				225903C22E6CB2D900D602B2 /* SceneDelegate.swift in Sources */,
				228C9D382EA06BB600847502 /* FavouritesViewModel.swift in Sources */,
				228C9D342EA0608700847502 /* LocalDataSource.swift in Sources */,
				225758E12E8C56200082C0B2 /* HexUIColor.swift in Sources */,
				22AB8C4B2E7902550060511C /* RepositoryImpl.swift in Sources */,
				221038F12E9FD701009A5AD5 /* MovieCategory.swift in Sources */,
				222F931B2E7EA6760005ED2C /* MoviesViewCell.swift in Sources */,
				2294F82A2E794CC300B0AA3A /* RemoteDataSource.swift in Sources */,
				22AB8C462E785E800060511C /* MovieApiService.swift in Sources */,
				22C51DA72E9581E60021A802 /* DataBaseManager.swift in Sources */,
				22D1DB2E2E90238E00F281FB /* MovieDetailsViewModel.swift in Sources */,
				22AB8C482E7901CD0060511C /* Repository.swift in Sources */,
				22AB8C432E785C8A0060511C /* Movie.swift in Sources */,
				22AB8C502E79041B0060511C /* UseCaseMovieList.swift in Sources */,
				225903CA2E6CB2D900D602B2 /* Movie_Listing_App.xcdatamodeld in Sources */,
				2294F82E2E79692200B0AA3A /* MoviesViewModel.swift in Sources */,
				22D14CB82E81431B000F3032 /* MoviesCollectionViewCell.swift in Sources */,
			);
			runOnlyForDeploymentPostprocessing = 0;
		};
		225903D12E6CB2DC00D602B2 /* Sources */ = {
			isa = PBXSourcesBuildPhase;
			buildActionMask = 2147483647;
			files = (
				225903DA2E6CB2DC00D602B2 /* Movie_Listing_AppTests.swift in Sources */,
			);
			runOnlyForDeploymentPostprocessing = 0;
		};
		225903DB2E6CB2DC00D602B2 /* Sources */ = {
			isa = PBXSourcesBuildPhase;
			buildActionMask = 2147483647;
			files = (
				225903E62E6CB2DC00D602B2 /* Movie_Listing_AppUITestsLaunchTests.swift in Sources */,
				225903E42E6CB2DC00D602B2 /* Movie_Listing_AppUITests.swift in Sources */,
			);
			runOnlyForDeploymentPostprocessing = 0;
		};
/* End PBXSourcesBuildPhase section */

/* Begin PBXTargetDependency section */
		225903D72E6CB2DC00D602B2 /* PBXTargetDependency */ = {
			isa = PBXTargetDependency;
			target = 225903BB2E6CB2D900D602B2 /* Movie-Listing-App */;
			targetProxy = 225903D62E6CB2DC00D602B2 /* PBXContainerItemProxy */;
		};
		225903E12E6CB2DC00D602B2 /* PBXTargetDependency */ = {
			isa = PBXTargetDependency;
			target = 225903BB2E6CB2D900D602B2 /* Movie-Listing-App */;
			targetProxy = 225903E02E6CB2DC00D602B2 /* PBXContainerItemProxy */;
		};
/* End PBXTargetDependency section */

/* Begin PBXVariantGroup section */
		225903C52E6CB2D900D602B2 /* Main.storyboard */ = {
			isa = PBXVariantGroup;
			children = (
				225903C62E6CB2D900D602B2 /* Base */,
			);
			name = Main.storyboard;
			sourceTree = "<group>";
		};
		225903CD2E6CB2DC00D602B2 /* LaunchScreen.storyboard */ = {
			isa = PBXVariantGroup;
			children = (
				225903CE2E6CB2DC00D602B2 /* Base */,
			);
			name = LaunchScreen.storyboard;
			sourceTree = "<group>";
		};
/* End PBXVariantGroup section */

/* Begin XCBuildConfiguration section */
		225903E72E6CB2DC00D602B2 /* Debug */ = {
			isa = XCBuildConfiguration;
			buildSettings = {
				ALWAYS_SEARCH_USER_PATHS = NO;
				ASSETCATALOG_COMPILER_GENERATE_SWIFT_ASSET_SYMBOL_EXTENSIONS = YES;
				CLANG_ANALYZER_NONNULL = YES;
				CLANG_ANALYZER_NUMBER_OBJECT_CONVERSION = YES_AGGRESSIVE;
				CLANG_CXX_LANGUAGE_STANDARD = "gnu++20";
				CLANG_ENABLE_MODULES = YES;
				CLANG_ENABLE_OBJC_ARC = YES;
				CLANG_ENABLE_OBJC_WEAK = YES;
				CLANG_WARN_BLOCK_CAPTURE_AUTORELEASING = YES;
				CLANG_WARN_BOOL_CONVERSION = YES;
				CLANG_WARN_COMMA = YES;
				CLANG_WARN_CONSTANT_CONVERSION = YES;
				CLANG_WARN_DEPRECATED_OBJC_IMPLEMENTATIONS = YES;
				CLANG_WARN_DIRECT_OBJC_ISA_USAGE = YES_ERROR;
				CLANG_WARN_DOCUMENTATION_COMMENTS = YES;
				CLANG_WARN_EMPTY_BODY = YES;
				CLANG_WARN_ENUM_CONVERSION = YES;
				CLANG_WARN_INFINITE_RECURSION = YES;
				CLANG_WARN_INT_CONVERSION = YES;
				CLANG_WARN_NON_LITERAL_NULL_CONVERSION = YES;
				CLANG_WARN_OBJC_IMPLICIT_RETAIN_SELF = YES;
				CLANG_WARN_OBJC_LITERAL_CONVERSION = YES;
				CLANG_WARN_OBJC_ROOT_CLASS = YES_ERROR;
				CLANG_WARN_QUOTED_INCLUDE_IN_FRAMEWORK_HEADER = YES;
				CLANG_WARN_RANGE_LOOP_ANALYSIS = YES;
				CLANG_WARN_STRICT_PROTOTYPES = YES;
				CLANG_WARN_SUSPICIOUS_MOVE = YES;
				CLANG_WARN_UNGUARDED_AVAILABILITY = YES_AGGRESSIVE;
				CLANG_WARN_UNREACHABLE_CODE = YES;
				CLANG_WARN__DUPLICATE_METHOD_MATCH = YES;
				COPY_PHASE_STRIP = NO;
				DEBUG_INFORMATION_FORMAT = dwarf;
				ENABLE_STRICT_OBJC_MSGSEND = YES;
				ENABLE_TESTABILITY = YES;
				ENABLE_USER_SCRIPT_SANDBOXING = YES;
				GCC_C_LANGUAGE_STANDARD = gnu17;
				GCC_DYNAMIC_NO_PIC = NO;
				GCC_NO_COMMON_BLOCKS = YES;
				GCC_OPTIMIZATION_LEVEL = 0;
				GCC_PREPROCESSOR_DEFINITIONS = (
					"DEBUG=1",
					"$(inherited)",
				);
				GCC_WARN_64_TO_32_BIT_CONVERSION = YES;
				GCC_WARN_ABOUT_RETURN_TYPE = YES_ERROR;
				GCC_WARN_UNDECLARED_SELECTOR = YES;
				GCC_WARN_UNINITIALIZED_AUTOS = YES_AGGRESSIVE;
				GCC_WARN_UNUSED_FUNCTION = YES;
				GCC_WARN_UNUSED_VARIABLE = YES;
				IPHONEOS_DEPLOYMENT_TARGET = 17.2;
				LOCALIZATION_PREFERS_STRING_CATALOGS = YES;
				MTL_ENABLE_DEBUG_INFO = INCLUDE_SOURCE;
				MTL_FAST_MATH = YES;
				ONLY_ACTIVE_ARCH = YES;
				SDKROOT = iphoneos;
				SWIFT_ACTIVE_COMPILATION_CONDITIONS = "DEBUG $(inherited)";
				SWIFT_OPTIMIZATION_LEVEL = "-Onone";
			};
			name = Debug;
		};
		225903E82E6CB2DC00D602B2 /* Release */ = {
			isa = XCBuildConfiguration;
			buildSettings = {
				ALWAYS_SEARCH_USER_PATHS = NO;
				ASSETCATALOG_COMPILER_GENERATE_SWIFT_ASSET_SYMBOL_EXTENSIONS = YES;
				CLANG_ANALYZER_NONNULL = YES;
				CLANG_ANALYZER_NUMBER_OBJECT_CONVERSION = YES_AGGRESSIVE;
				CLANG_CXX_LANGUAGE_STANDARD = "gnu++20";
				CLANG_ENABLE_MODULES = YES;
				CLANG_ENABLE_OBJC_ARC = YES;
				CLANG_ENABLE_OBJC_WEAK = YES;
				CLANG_WARN_BLOCK_CAPTURE_AUTORELEASING = YES;
				CLANG_WARN_BOOL_CONVERSION = YES;
				CLANG_WARN_COMMA = YES;
				CLANG_WARN_CONSTANT_CONVERSION = YES;
				CLANG_WARN_DEPRECATED_OBJC_IMPLEMENTATIONS = YES;
				CLANG_WARN_DIRECT_OBJC_ISA_USAGE = YES_ERROR;
				CLANG_WARN_DOCUMENTATION_COMMENTS = YES;
				CLANG_WARN_EMPTY_BODY = YES;
				CLANG_WARN_ENUM_CONVERSION = YES;
				CLANG_WARN_INFINITE_RECURSION = YES;
				CLANG_WARN_INT_CONVERSION = YES;
				CLANG_WARN_NON_LITERAL_NULL_CONVERSION = YES;
				CLANG_WARN_OBJC_IMPLICIT_RETAIN_SELF = YES;
				CLANG_WARN_OBJC_LITERAL_CONVERSION = YES;
				CLANG_WARN_OBJC_ROOT_CLASS = YES_ERROR;
				CLANG_WARN_QUOTED_INCLUDE_IN_FRAMEWORK_HEADER = YES;
				CLANG_WARN_RANGE_LOOP_ANALYSIS = YES;
				CLANG_WARN_STRICT_PROTOTYPES = YES;
				CLANG_WARN_SUSPICIOUS_MOVE = YES;
				CLANG_WARN_UNGUARDED_AVAILABILITY = YES_AGGRESSIVE;
				CLANG_WARN_UNREACHABLE_CODE = YES;
				CLANG_WARN__DUPLICATE_METHOD_MATCH = YES;
				COPY_PHASE_STRIP = NO;
				DEBUG_INFORMATION_FORMAT = "dwarf-with-dsym";
				ENABLE_NS_ASSERTIONS = NO;
				ENABLE_STRICT_OBJC_MSGSEND = YES;
				ENABLE_USER_SCRIPT_SANDBOXING = YES;
				GCC_C_LANGUAGE_STANDARD = gnu17;
				GCC_NO_COMMON_BLOCKS = YES;
				GCC_WARN_64_TO_32_BIT_CONVERSION = YES;
				GCC_WARN_ABOUT_RETURN_TYPE = YES_ERROR;
				GCC_WARN_UNDECLARED_SELECTOR = YES;
				GCC_WARN_UNINITIALIZED_AUTOS = YES_AGGRESSIVE;
				GCC_WARN_UNUSED_FUNCTION = YES;
				GCC_WARN_UNUSED_VARIABLE = YES;
				IPHONEOS_DEPLOYMENT_TARGET = 17.2;
				LOCALIZATION_PREFERS_STRING_CATALOGS = YES;
				MTL_ENABLE_DEBUG_INFO = NO;
				MTL_FAST_MATH = YES;
				SDKROOT = iphoneos;
				SWIFT_COMPILATION_MODE = wholemodule;
				VALIDATE_PRODUCT = YES;
			};
			name = Release;
		};
		225903EA2E6CB2DC00D602B2 /* Debug */ = {
			isa = XCBuildConfiguration;
			buildSettings = {
				ASSETCATALOG_COMPILER_APPICON_NAME = AppIcon;
				ASSETCATALOG_COMPILER_GLOBAL_ACCENT_COLOR_NAME = AccentColor;
				CODE_SIGN_STYLE = Automatic;
				CURRENT_PROJECT_VERSION = 1;
				GENERATE_INFOPLIST_FILE = YES;
				INFOPLIST_FILE = "Movie-Listing-App/Info.plist";
				INFOPLIST_KEY_UIApplicationSupportsIndirectInputEvents = YES;
				INFOPLIST_KEY_UILaunchStoryboardName = LaunchScreen;
				INFOPLIST_KEY_UIMainStoryboardFile = Main;
				INFOPLIST_KEY_UISupportedInterfaceOrientations_iPad = "UIInterfaceOrientationPortrait UIInterfaceOrientationPortraitUpsideDown UIInterfaceOrientationLandscapeLeft UIInterfaceOrientationLandscapeRight";
				INFOPLIST_KEY_UISupportedInterfaceOrientations_iPhone = "UIInterfaceOrientationPortrait UIInterfaceOrientationLandscapeLeft UIInterfaceOrientationLandscapeRight";
				LD_RUNPATH_SEARCH_PATHS = (
					"$(inherited)",
					"@executable_path/Frameworks",
				);
				MARKETING_VERSION = 1.0;
				PRODUCT_BUNDLE_IDENTIFIER = "Mohammed-Hussien.Movie-Listing-App";
				PRODUCT_NAME = "$(TARGET_NAME)";
				SWIFT_EMIT_LOC_STRINGS = YES;
				SWIFT_VERSION = 5.0;
				TARGETED_DEVICE_FAMILY = "1,2";
			};
			name = Debug;
		};
		225903EB2E6CB2DC00D602B2 /* Release */ = {
			isa = XCBuildConfiguration;
			buildSettings = {
				ASSETCATALOG_COMPILER_APPICON_NAME = AppIcon;
				ASSETCATALOG_COMPILER_GLOBAL_ACCENT_COLOR_NAME = AccentColor;
				CODE_SIGN_STYLE = Automatic;
				CURRENT_PROJECT_VERSION = 1;
				GENERATE_INFOPLIST_FILE = YES;
				INFOPLIST_FILE = "Movie-Listing-App/Info.plist";
				INFOPLIST_KEY_UIApplicationSupportsIndirectInputEvents = YES;
				INFOPLIST_KEY_UILaunchStoryboardName = LaunchScreen;
				INFOPLIST_KEY_UIMainStoryboardFile = Main;
				INFOPLIST_KEY_UISupportedInterfaceOrientations_iPad = "UIInterfaceOrientationPortrait UIInterfaceOrientationPortraitUpsideDown UIInterfaceOrientationLandscapeLeft UIInterfaceOrientationLandscapeRight";
				INFOPLIST_KEY_UISupportedInterfaceOrientations_iPhone = "UIInterfaceOrientationPortrait UIInterfaceOrientationLandscapeLeft UIInterfaceOrientationLandscapeRight";
				LD_RUNPATH_SEARCH_PATHS = (
					"$(inherited)",
					"@executable_path/Frameworks",
				);
				MARKETING_VERSION = 1.0;
				PRODUCT_BUNDLE_IDENTIFIER = "Mohammed-Hussien.Movie-Listing-App";
				PRODUCT_NAME = "$(TARGET_NAME)";
				SWIFT_EMIT_LOC_STRINGS = YES;
				SWIFT_VERSION = 5.0;
				TARGETED_DEVICE_FAMILY = "1,2";
			};
			name = Release;
		};
		225903ED2E6CB2DC00D602B2 /* Debug */ = {
			isa = XCBuildConfiguration;
			buildSettings = {
				ALWAYS_EMBED_SWIFT_STANDARD_LIBRARIES = YES;
				BUNDLE_LOADER = "$(TEST_HOST)";
				CODE_SIGN_STYLE = Automatic;
				CURRENT_PROJECT_VERSION = 1;
				GENERATE_INFOPLIST_FILE = YES;
				IPHONEOS_DEPLOYMENT_TARGET = 17.2;
				MARKETING_VERSION = 1.0;
				PRODUCT_BUNDLE_IDENTIFIER = "Mohammed-Hussien.Movie-Listing-AppTests";
				PRODUCT_NAME = "$(TARGET_NAME)";
				SWIFT_EMIT_LOC_STRINGS = NO;
				SWIFT_VERSION = 5.0;
				TARGETED_DEVICE_FAMILY = "1,2";
				TEST_HOST = "$(BUILT_PRODUCTS_DIR)/Movie-Listing-App.app/$(BUNDLE_EXECUTABLE_FOLDER_PATH)/Movie-Listing-App";
			};
			name = Debug;
		};
		225903EE2E6CB2DC00D602B2 /* Release */ = {
			isa = XCBuildConfiguration;
			buildSettings = {
				ALWAYS_EMBED_SWIFT_STANDARD_LIBRARIES = YES;
				BUNDLE_LOADER = "$(TEST_HOST)";
				CODE_SIGN_STYLE = Automatic;
				CURRENT_PROJECT_VERSION = 1;
				GENERATE_INFOPLIST_FILE = YES;
				IPHONEOS_DEPLOYMENT_TARGET = 17.2;
				MARKETING_VERSION = 1.0;
				PRODUCT_BUNDLE_IDENTIFIER = "Mohammed-Hussien.Movie-Listing-AppTests";
				PRODUCT_NAME = "$(TARGET_NAME)";
				SWIFT_EMIT_LOC_STRINGS = NO;
				SWIFT_VERSION = 5.0;
				TARGETED_DEVICE_FAMILY = "1,2";
				TEST_HOST = "$(BUILT_PRODUCTS_DIR)/Movie-Listing-App.app/$(BUNDLE_EXECUTABLE_FOLDER_PATH)/Movie-Listing-App";
			};
			name = Release;
		};
		225903F02E6CB2DC00D602B2 /* Debug */ = {
			isa = XCBuildConfiguration;
			buildSettings = {
				ALWAYS_EMBED_SWIFT_STANDARD_LIBRARIES = YES;
				CODE_SIGN_STYLE = Automatic;
				CURRENT_PROJECT_VERSION = 1;
				GENERATE_INFOPLIST_FILE = YES;
				MARKETING_VERSION = 1.0;
				PRODUCT_BUNDLE_IDENTIFIER = "Mohammed-Hussien.Movie-Listing-AppUITests";
				PRODUCT_NAME = "$(TARGET_NAME)";
				SWIFT_EMIT_LOC_STRINGS = NO;
				SWIFT_VERSION = 5.0;
				TARGETED_DEVICE_FAMILY = "1,2";
				TEST_TARGET_NAME = "Movie-Listing-App";
			};
			name = Debug;
		};
		225903F12E6CB2DC00D602B2 /* Release */ = {
			isa = XCBuildConfiguration;
			buildSettings = {
				ALWAYS_EMBED_SWIFT_STANDARD_LIBRARIES = YES;
				CODE_SIGN_STYLE = Automatic;
				CURRENT_PROJECT_VERSION = 1;
				GENERATE_INFOPLIST_FILE = YES;
				MARKETING_VERSION = 1.0;
				PRODUCT_BUNDLE_IDENTIFIER = "Mohammed-Hussien.Movie-Listing-AppUITests";
				PRODUCT_NAME = "$(TARGET_NAME)";
				SWIFT_EMIT_LOC_STRINGS = NO;
				SWIFT_VERSION = 5.0;
				TARGETED_DEVICE_FAMILY = "1,2";
				TEST_TARGET_NAME = "Movie-Listing-App";
			};
			name = Release;
		};
/* End XCBuildConfiguration section */

/* Begin XCConfigurationList section */
		225903B72E6CB2D900D602B2 /* Build configuration list for PBXProject "Movie-Listing-App" */ = {
			isa = XCConfigurationList;
			buildConfigurations = (
				225903E72E6CB2DC00D602B2 /* Debug */,
				225903E82E6CB2DC00D602B2 /* Release */,
			);
			defaultConfigurationIsVisible = 0;
			defaultConfigurationName = Release;
		};
		225903E92E6CB2DC00D602B2 /* Build configuration list for PBXNativeTarget "Movie-Listing-App" */ = {
			isa = XCConfigurationList;
			buildConfigurations = (
				225903EA2E6CB2DC00D602B2 /* Debug */,
				225903EB2E6CB2DC00D602B2 /* Release */,
			);
			defaultConfigurationIsVisible = 0;
			defaultConfigurationName = Release;
		};
		225903EC2E6CB2DC00D602B2 /* Build configuration list for PBXNativeTarget "Movie-Listing-AppTests" */ = {
			isa = XCConfigurationList;
			buildConfigurations = (
				225903ED2E6CB2DC00D602B2 /* Debug */,
				225903EE2E6CB2DC00D602B2 /* Release */,
			);
			defaultConfigurationIsVisible = 0;
			defaultConfigurationName = Release;
		};
		225903EF2E6CB2DC00D602B2 /* Build configuration list for PBXNativeTarget "Movie-Listing-AppUITests" */ = {
			isa = XCConfigurationList;
			buildConfigurations = (
				225903F02E6CB2DC00D602B2 /* Debug */,
				225903F12E6CB2DC00D602B2 /* Release */,
			);
			defaultConfigurationIsVisible = 0;
			defaultConfigurationName = Release;
		};
/* End XCConfigurationList section */

/* Begin XCRemoteSwiftPackageReference section */
		222F931C2E7F8E0D0005ED2C /* XCRemoteSwiftPackageReference "Kingfisher" */ = {
			isa = XCRemoteSwiftPackageReference;
			repositoryURL = "https://github.com/onevcat/Kingfisher.git";
			requirement = {
				kind = upToNextMajorVersion;
				minimumVersion = 8.5.0;
			};
		};
		22AB8C3D2E7837290060511C /* XCRemoteSwiftPackageReference "keychain-swift" */ = {
			isa = XCRemoteSwiftPackageReference;
			repositoryURL = "https://github.com/evgenyneu/keychain-swift";
			requirement = {
				kind = upToNextMajorVersion;
				minimumVersion = 24.0.0;
			};
		};
/* End XCRemoteSwiftPackageReference section */

/* Begin XCSwiftPackageProductDependency section */
		222F931D2E7F8E0D0005ED2C /* Kingfisher */ = {
			isa = XCSwiftPackageProductDependency;
			package = 222F931C2E7F8E0D0005ED2C /* XCRemoteSwiftPackageReference "Kingfisher" */;
			productName = Kingfisher;
		};
		22AB8C3E2E78372A0060511C /* KeychainSwift */ = {
			isa = XCSwiftPackageProductDependency;
			package = 22AB8C3D2E7837290060511C /* XCRemoteSwiftPackageReference "keychain-swift" */;
			productName = KeychainSwift;
		};
/* End XCSwiftPackageProductDependency section */

/* Begin XCVersionGroup section */
		225903C82E6CB2D900D602B2 /* Movie_Listing_App.xcdatamodeld */ = {
			isa = XCVersionGroup;
			children = (
				225903C92E6CB2D900D602B2 /* Movie_Listing_App.xcdatamodel */,
			);
			currentVersion = 225903C92E6CB2D900D602B2 /* Movie_Listing_App.xcdatamodel */;
			path = Movie_Listing_App.xcdatamodeld;
			sourceTree = "<group>";
			versionGroupType = wrapper.xcdatamodel;
		};
/* End XCVersionGroup section */
	};
	rootObject = 225903B42E6CB2D900D602B2 /* Project object */;
}
